
Microsoft Visual Studio Solution File, Format Version 12.00
# Visual Studio Version 17
VisualStudioVersion = 17.13.35825.156 d17.13
MinimumVisualStudioVersion = 10.0.40219.1
Project("{FAE04EC0-301F-11D3-BF4B-00C04F79EFBC}") = "Calculadora_C_Sharp_WindowsF", "Calculadora_C_Sharp_WindowsF\Calculadora_C_Sharp_WindowsF.csproj", "{04983020-94D6-44DA-8ECB-32B82363F1C1}"
EndProject
Global
	GlobalSection(SolutionConfigurationPlatforms) = preSolution
		Debug|Any CPU = Debug|Any CPU
		Release|Any CPU = Release|Any CPU
	EndGlobalSection
	GlobalSection(ProjectConfigurationPlatforms) = postSolution
		{04983020-94D6-44DA-8ECB-32B82363F1C1}.Debug|Any CPU.ActiveCfg = Debug|Any CPU
		{04983020-94D6-44DA-8ECB-32B82363F1C1}.Debug|Any CPU.Build.0 = Debug|Any CPU
		{04983020-94D6-44DA-8ECB-32B82363F1C1}.Release|Any CPU.ActiveCfg = Release|Any CPU
		{04983020-94D6-44DA-8ECB-32B82363F1C1}.Release|Any CPU.Build.0 = Release|Any CPU
	EndGlobalSection
	GlobalSection(SolutionProperties) = preSolution
		HideSolutionNode = FALSE
	EndGlobalSection
	GlobalSection(ExtensibilityGlobals) = postSolution
		SolutionGuid = {F2624A06-42A6-4246-BAAD-6666385E22B8}
	EndGlobalSection
EndGlobal
